// !$*UTF8*$!
{
	archiveVersion = 1;
	classes = {
	};
	objectVersion = 46;
	objects = {

/* Begin PBXBuildFile section */
		B3ADAEC91AD803F70023D44F /* main.m in Sources */ = {isa = PBXBuildFile; fileRef = B3ADAEC81AD803F70023D44F /* main.m */; };
		B3ADAECC1AD803F70023D44F /* AppDelegate.m in Sources */ = {isa = PBXBuildFile; fileRef = B3ADAECB1AD803F70023D44F /* AppDelegate.m */; };
		B3ADAECF1AD803F70023D44F /* ViewController.m in Sources */ = {isa = PBXBuildFile; fileRef = B3ADAECE1AD803F70023D44F /* ViewController.m */; };
		B3ADAED21AD803F70023D44F /* Main.storyboard in Resources */ = {isa = PBXBuildFile; fileRef = B3ADAED01AD803F70023D44F /* Main.storyboard */; };
		B3ADAED41AD803F70023D44F /* Images.xcassets in Resources */ = {isa = PBXBuildFile; fileRef = B3ADAED31AD803F70023D44F /* Images.xcassets */; };
		B3ADAED71AD803F70023D44F /* LaunchScreen.xib in Resources */ = {isa = PBXBuildFile; fileRef = B3ADAED51AD803F70023D44F /* LaunchScreen.xib */; };
		B3ADAEE31AD803F70023D44F /* testTests.m in Sources */ = {isa = PBXBuildFile; fileRef = B3ADAEE21AD803F70023D44F /* testTests.m */; };
/* End PBXBuildFile section */

/* Begin PBXContainerItemProxy section */
		B3ADAEDD1AD803F70023D44F /* PBXContainerItemProxy */ = {
			isa = PBXContainerItemProxy;
			containerPortal = B3ADAEBB1AD803F70023D44F /* Project object */;
			proxyType = 1;
			remoteGlobalIDString = B3ADAEC21AD803F70023D44F;
			remoteInfo = test;
		};
/* End PBXContainerItemProxy section */

/* Begin PBXFileReference section */
		B3ADAEC31AD803F70023D44F /* test.app */ = {isa = PBXFileReference; explicitFileType = wrapper.application; includeInIndex = 0; path = test.app; sourceTree = BUILT_PRODUCTS_DIR; };
		B3ADAEC71AD803F70023D44F /* Info.plist */ = {isa = PBXFileReference; lastKnownFileType = text.plist.xml; path = Info.plist; sourceTree = "<group>"; };
		B3ADAEC81AD803F70023D44F /* main.m */ = {isa = PBXFileReference; lastKnownFileType = sourcecode.c.objc; path = main.m; sourceTree = "<group>"; };
		B3ADAECA1AD803F70023D44F /* AppDelegate.h */ = {isa = PBXFileReference; lastKnownFileType = sourcecode.c.h; path = AppDelegate.h; sourceTree = "<group>"; };
		B3ADAECB1AD803F70023D44F /* AppDelegate.m */ = {isa = PBXFileReference; lastKnownFileType = sourcecode.c.objc; path = AppDelegate.m; sourceTree = "<group>"; };
		B3ADAECD1AD803F70023D44F /* ViewController.h */ = {isa = PBXFileReference; lastKnownFileType = sourcecode.c.h; path = ViewController.h; sourceTree = "<group>"; };
		B3ADAECE1AD803F70023D44F /* ViewController.m */ = {isa = PBXFileReference; lastKnownFileType = sourcecode.c.objc; path = ViewController.m; sourceTree = "<group>"; };
		B3ADAED11AD803F70023D44F /* Base */ = {isa = PBXFileReference; lastKnownFileType = file.storyboard; name = Base; path = Base.lproj/Main.storyboard; sourceTree = "<group>"; };
		B3ADAED31AD803F70023D44F /* Images.xcassets */ = {isa = PBXFileReference; lastKnownFileType = folder.assetcatalog; path = Images.xcassets; sourceTree = "<group>"; };
		B3ADAED61AD803F70023D44F /* Base */ = {isa = PBXFileReference; lastKnownFileType = file.xib; name = Base; path = Base.lproj/LaunchScreen.xib; sourceTree = "<group>"; };
		B3ADAEDC1AD803F70023D44F /* testTests.xctest */ = {isa = PBXFileReference; explicitFileType = wrapper.cfbundle; includeInIndex = 0; path = testTests.xctest; sourceTree = BUILT_PRODUCTS_DIR; };
		B3ADAEE11AD803F70023D44F /* Info.plist */ = {isa = PBXFileReference; lastKnownFileType = text.plist.xml; path = Info.plist; sourceTree = "<group>"; };
		B3ADAEE21AD803F70023D44F /* testTests.m */ = {isa = PBXFileReference; lastKnownFileType = sourcecode.c.objc; path = testTests.m; sourceTree = "<group>"; };
/* End PBXFileReference section */

/* Begin PBXFrameworksBuildPhase section */
		B3ADAEC01AD803F70023D44F /* Frameworks */ = {
			isa = PBXFrameworksBuildPhase;
			buildActionMask = 2147483647;
			files = (
			);
			runOnlyForDeploymentPostprocessing = 0;
		};
		B3ADAED91AD803F70023D44F /* Frameworks */ = {
			isa = PBXFrameworksBuildPhase;
			buildActionMask = 2147483647;
			files = (
			);
			runOnlyForDeploymentPostprocessing = 0;
		};
/* End PBXFrameworksBuildPhase section */

/* Begin PBXGroup section */
		B3ADAEBA1AD803F70023D44F = {
			isa = PBXGroup;
			children = (
				B3ADAEC51AD803F70023D44F /* test */,
				B3ADAEDF1AD803F70023D44F /* testTests */,
				B3ADAEC41AD803F70023D44F /* Products */,
			);
			sourceTree = "<group>";
		};
		B3ADAEC41AD803F70023D44F /* Products */ = {
			isa = PBXGroup;
			children = (
				B3ADAEC31AD803F70023D44F /* test.app */,
				B3ADAEDC1AD803F70023D44F /* testTests.xctest */,
			);
			name = Products;
			sourceTree = "<group>";
		};
		B3ADAEC51AD803F70023D44F /* test */ = {
			isa = PBXGroup;
			children = (
				B3ADAECA1AD803F70023D44F /* AppDelegate.h */,
				B3ADAECB1AD803F70023D44F /* AppDelegate.m */,
				B3ADAECD1AD803F70023D44F /* ViewController.h */,
				B3ADAECE1AD803F70023D44F /* ViewController.m */,
				B3ADAED01AD803F70023D44F /* Main.storyboard */,
				B3ADAED31AD803F70023D44F /* Images.xcassets */,
				B3ADAED51AD803F70023D44F /* LaunchScreen.xib */,
				B3ADAEC61AD803F70023D44F /* Supporting Files */,
			);
			path = test;
			sourceTree = "<group>";
		};
		B3ADAEC61AD803F70023D44F /* Supporting Files */ = {
			isa = PBXGroup;
			children = (
				B3ADAEC71AD803F70023D44F /* Info.plist */,
				B3ADAEC81AD803F70023D44F /* main.m */,
			);
			name = "Supporting Files";
			sourceTree = "<group>";
		};
		B3ADAEDF1AD803F70023D44F /* testTests */ = {
			isa = PBXGroup;
			children = (
				B3ADAEE21AD803F70023D44F /* testTests.m */,
				B3ADAEE01AD803F70023D44F /* Supporting Files */,
			);
			path = testTests;
			sourceTree = "<group>";
		};
		B3ADAEE01AD803F70023D44F /* Supporting Files */ = {
			isa = PBXGroup;
			children = (
				B3ADAEE11AD803F70023D44F /* Info.plist */,
			);
			name = "Supporting Files";
			sourceTree = "<group>";
		};
/* End PBXGroup section */

/* Begin PBXNativeTarget section */
		B3ADAEC21AD803F70023D44F /* test */ = {
			isa = PBXNativeTarget;
			buildConfigurationList = B3ADAEE61AD803F70023D44F /* Build configuration list for PBXNativeTarget "test" */;
			buildPhases = (
				B3ADAEBF1AD803F70023D44F /* Sources */,
				B3ADAEC01AD803F70023D44F /* Frameworks */,
				B3ADAEC11AD803F70023D44F /* Resources */,
			);
			buildRules = (
			);
			dependencies = (
			);
			name = test;
			productName = test;
			productReference = B3ADAEC31AD803F70023D44F /* test.app */;
			productType = "com.apple.product-type.application";
		};
		B3ADAEDB1AD803F70023D44F /* testTests */ = {
			isa = PBXNativeTarget;
			buildConfigurationList = B3ADAEE91AD803F70023D44F /* Build configuration list for PBXNativeTarget "testTests" */;
			buildPhases = (
				B3ADAED81AD803F70023D44F /* Sources */,
				B3ADAED91AD803F70023D44F /* Frameworks */,
				B3ADAEDA1AD803F70023D44F /* Resources */,
			);
			buildRules = (
			);
			dependencies = (
				B3ADAEDE1AD803F70023D44F /* PBXTargetDependency */,
			);
			name = testTests;
			productName = testTests;
			productReference = B3ADAEDC1AD803F70023D44F /* testTests.xctest */;
			productType = "com.apple.product-type.bundle.unit-test";
		};
/* End PBXNativeTarget section */

/* Begin PBXProject section */
		B3ADAEBB1AD803F70023D44F /* Project object */ = {
			isa = PBXProject;
			attributes = {
				LastUpgradeCheck = 0630;
				ORGANIZATIONNAME = "陈科";
				TargetAttributes = {
					B3ADAEC21AD803F70023D44F = {
						CreatedOnToolsVersion = 6.3;
					};
					B3ADAEDB1AD803F70023D44F = {
						CreatedOnToolsVersion = 6.3;
						TestTargetID = B3ADAEC21AD803F70023D44F;
					};
				};
			};
			buildConfigurationList = B3ADAEBE1AD803F70023D44F /* Build configuration list for PBXProject "test" */;
			compatibilityVersion = "Xcode 3.2";
			developmentRegion = English;
			hasScannedForEncodings = 0;
			knownRegions = (
				en,
				Base,
			);
			mainGroup = B3ADAEBA1AD803F70023D44F;
			productRefGroup = B3ADAEC41AD803F70023D44F /* Products */;
			projectDirPath = "";
			projectRoot = "";
			targets = (
				B3ADAEC21AD803F70023D44F /* test */,
				B3ADAEDB1AD803F70023D44F /* testTests */,
			);
		};
/* End PBXProject section */

/* Begin PBXResourcesBuildPhase section */
		B3ADAEC11AD803F70023D44F /* Resources */ = {
			isa = PBXResourcesBuildPhase;
			buildActionMask = 2147483647;
			files = (
				B3ADAED21AD803F70023D44F /* Main.storyboard in Resources */,
				B3ADAED71AD803F70023D44F /* LaunchScreen.xib in Resources */,
				B3ADAED41AD803F70023D44F /* Images.xcassets in Resources */,
			);
			runOnlyForDeploymentPostprocessing = 0;
		};
		B3ADAEDA1AD803F70023D44F /* Resources */ = {
			isa = PBXResourcesBuildPhase;
			buildActionMask = 2147483647;
			files = (
			);
			runOnlyForDeploymentPostprocessing = 0;
		};
/* End PBXResourcesBuildPhase section */

/* Begin PBXSourcesBuildPhase section */
		B3ADAEBF1AD803F70023D44F /* Sources */ = {
			isa = PBXSourcesBuildPhase;
			buildActionMask = 2147483647;
			files = (
				B3ADAECF1AD803F70023D44F /* ViewController.m in Sources */,
				B3ADAECC1AD803F70023D44F /* AppDelegate.m in Sources */,
				B3ADAEC91AD803F70023D44F /* main.m in Sources */,
			);
			runOnlyForDeploymentPostprocessing = 0;
		};
		B3ADAED81AD803F70023D44F /* Sources */ = {
			isa = PBXSourcesBuildPhase;
			buildActionMask = 2147483647;
			files = (
				B3ADAEE31AD803F70023D44F /* testTests.m in Sources */,
			);
			runOnlyForDeploymentPostprocessing = 0;
		};
/* End PBXSourcesBuildPhase section */

/* Begin PBXTargetDependency section */
		B3ADAEDE1AD803F70023D44F /* PBXTargetDependency */ = {
			isa = PBXTargetDependency;
			target = B3ADAEC21AD803F70023D44F /* test */;
			targetProxy = B3ADAEDD1AD803F70023D44F /* PBXContainerItemProxy */;
		};
/* End PBXTargetDependency section */

/* Begin PBXVariantGroup section */
		B3ADAED01AD803F70023D44F /* Main.storyboard */ = {
			isa = PBXVariantGroup;
			children = (
				B3ADAED11AD803F70023D44F /* Base */,
			);
			name = Main.storyboard;
			sourceTree = "<group>";
		};
		B3ADAED51AD803F70023D44F /* LaunchScreen.xib */ = {
			isa = PBXVariantGroup;
			children = (
				B3ADAED61AD803F70023D44F /* Base */,
			);
			name = LaunchScreen.xib;
			sourceTree = "<group>";
		};
/* End PBXVariantGroup section */

/* Begin XCBuildConfiguration section */
		B3ADAEE41AD803F70023D44F /* Debug */ = {
			isa = XCBuildConfiguration;
			buildSettings = {
				ALWAYS_SEARCH_USER_PATHS = NO;
				CLANG_CXX_LANGUAGE_STANDARD = "gnu++0x";
				CLANG_CXX_LIBRARY = "libc++";
				CLANG_ENABLE_MODULES = YES;
				CLANG_ENABLE_OBJC_ARC = YES;
				CLANG_WARN_BOOL_CONVERSION = YES;
				CLANG_WARN_CONSTANT_CONVERSION = YES;
				CLANG_WARN_DIRECT_OBJC_ISA_USAGE = YES_ERROR;
				CLANG_WARN_EMPTY_BODY = YES;
				CLANG_WARN_ENUM_CONVERSION = YES;
				CLANG_WARN_INT_CONVERSION = YES;
				CLANG_WARN_OBJC_ROOT_CLASS = YES_ERROR;
				CLANG_WARN_UNREACHABLE_CODE = YES;
				CLANG_WARN__DUPLICATE_METHOD_MATCH = YES;
				"CODE_SIGN_IDENTITY[sdk=iphoneos*]" = "iPhone Developer";
				COPY_PHASE_STRIP = NO;
				DEBUG_INFORMATION_FORMAT = "dwarf-with-dsym";
				ENABLE_STRICT_OBJC_MSGSEND = YES;
				GCC_C_LANGUAGE_STANDARD = gnu99;
				GCC_DYNAMIC_NO_PIC = NO;
				GCC_NO_COMMON_BLOCKS = YES;
				GCC_OPTIMIZATION_LEVEL = 0;
				GCC_PREPROCESSOR_DEFINITIONS = (
					"DEBUG=1",
					"$(inherited)",
				);
				GCC_SYMBOLS_PRIVATE_EXTERN = NO;
				GCC_WARN_64_TO_32_BIT_CONVERSION = YES;
				GCC_WARN_ABOUT_RETURN_TYPE = YES_ERROR;
				GCC_WARN_UNDECLARED_SELECTOR = YES;
				GCC_WARN_UNINITIALIZED_AUTOS = YES_AGGRESSIVE;
				GCC_WARN_UNUSED_FUNCTION = YES;
				GCC_WARN_UNUSED_VARIABLE = YES;
				IPHONEOS_DEPLOYMENT_TARGET = 8.3;
				MTL_ENABLE_DEBUG_INFO = YES;
				ONLY_ACTIVE_ARCH = YES;
				SDKROOT = iphoneos;
				TARGETED_DEVICE_FAMILY = "1,2";
			};
			name = Debug;
		};
		B3ADAEE51AD803F70023D44F /* Release */ = {
			isa = XCBuildConfiguration;
			buildSettings = {
				ALWAYS_SEARCH_USER_PATHS = NO;
				CLANG_CXX_LANGUAGE_STANDARD = "gnu++0x";
				CLANG_CXX_LIBRARY = "libc++";
				CLANG_ENABLE_MODULES = YES;
				CLANG_ENABLE_OBJC_ARC = YES;
				CLANG_WARN_BOOL_CONVERSION = YES;
				CLANG_WARN_CONSTANT_CONVERSION = YES;
				CLANG_WARN_DIRECT_OBJC_ISA_USAGE = YES_ERROR;
				CLANG_WARN_EMPTY_BODY = YES;
				CLANG_WARN_ENUM_CONVERSION = YES;
				CLANG_WARN_INT_CONVERSION = YES;
				CLANG_WARN_OBJC_ROOT_CLASS = YES_ERROR;
				CLANG_WARN_UNREACHABLE_CODE = YES;
				CLANG_WARN__DUPLICATE_METHOD_MATCH = YES;
				"CODE_SIGN_IDENTITY[sdk=iphoneos*]" = "iPhone Developer";
				COPY_PHASE_STRIP = NO;
				DEBUG_INFORMATION_FORMAT = "dwarf-with-dsym";
				ENABLE_NS_ASSERTIONS = NO;
				ENABLE_STRICT_OBJC_MSGSEND = YES;
				GCC_C_LANGUAGE_STANDARD = gnu99;
				GCC_NO_COMMON_BLOCKS = YES;
				GCC_WARN_64_TO_32_BIT_CONVERSION = YES;
				GCC_WARN_ABOUT_RETURN_TYPE = YES_ERROR;
				GCC_WARN_UNDECLARED_SELECTOR = YES;
				GCC_WARN_UNINITIALIZED_AUTOS = YES_AGGRESSIVE;
				GCC_WARN_UNUSED_FUNCTION = YES;
				GCC_WARN_UNUSED_VARIABLE = YES;
				IPHONEOS_DEPLOYMENT_TARGET = 8.3;
				MTL_ENABLE_DEBUG_INFO = NO;
				SDKROOT = iphoneos;
				TARGETED_DEVICE_FAMILY = "1,2";
				VALIDATE_PRODUCT = YES;
			};
			name = Release;
		};
		B3ADAEE71AD803F70023D44F /* Debug */ = {
			isa = XCBuildConfiguration;
			buildSettings = {
				ASSETCATALOG_COMPILER_APPICON_NAME = AppIcon;
				INFOPLIST_FILE = test/Info.plist;
				LD_RUNPATH_SEARCH_PATHS = "$(inherited) @executable_path/Frameworks";
				PRODUCT_NAME = "$(TARGET_NAME)";
			};
			name = Debug;
		};
		B3ADAEE81AD803F70023D44F /* Release */ = {
			isa = XCBuildConfiguration;
			buildSettings = {
				ASSETCATALOG_COMPILER_APPICON_NAME = AppIcon;
				INFOPLIST_FILE = test/Info.plist;
				LD_RUNPATH_SEARCH_PATHS = "$(inherited) @executable_path/Frameworks";
				PRODUCT_NAME = "$(TARGET_NAME)";
			};
			name = Release;
		};
		B3ADAEEA1AD803F70023D44F /* Debug */ = {
			isa = XCBuildConfiguration;
			buildSettings = {
				BUNDLE_LOADER = "$(TEST_HOST)";
				FRAMEWORK_SEARCH_PATHS = (
					"$(SDKROOT)/Developer/Library/Frameworks",
					"$(inherited)",
				);
				GCC_PREPROCESSOR_DEFINITIONS = (
					"DEBUG=1",
					"$(inherited)",
				);
				INFOPLIST_FILE = testTests/Info.plist;
				LD_RUNPATH_SEARCH_PATHS = "$(inherited) @executable_path/Frameworks @loader_path/Frameworks";
				PRODUCT_NAME = "$(TARGET_NAME)";
				TEST_HOST = "$(BUILT_PRODUCTS_DIR)/test.app/test";
			};
			name = Debug;
		};
		B3ADAEEB1AD803F70023D44F /* Release */ = {
			isa = XCBuildConfiguration;
			buildSettings = {
				BUNDLE_LOADER = "$(TEST_HOST)";
				FRAMEWORK_SEARCH_PATHS = (
					"$(SDKROOT)/Developer/Library/Frameworks",
					"$(inherited)",
				);
				INFOPLIST_FILE = testTests/Info.plist;
				LD_RUNPATH_SEARCH_PATHS = "$(inherited) @executable_path/Frameworks @loader_path/Frameworks";
				PRODUCT_NAME = "$(TARGET_NAME)";
				TEST_HOST = "$(BUILT_PRODUCTS_DIR)/test.app/test";
			};
			name = Release;
		};
/* End XCBuildConfiguration section */

/* Begin XCConfigurationList section */
		B3ADAEBE1AD803F70023D44F /* Build configuration list for PBXProject "test" */ = {
			isa = XCConfigurationList;
			buildConfigurations = (
				B3ADAEE41AD803F70023D44F /* Debug */,
				B3ADAEE51AD803F70023D44F /* Release */,
			);
			defaultConfigurationIsVisible = 0;
			defaultConfigurationName = Release;
		};
		B3ADAEE61AD803F70023D44F /* Build configuration list for PBXNativeTarget "test" */ = {
			isa = XCConfigurationList;
			buildConfigurations = (
				B3ADAEE71AD803F70023D44F /* Debug */,
				B3ADAEE81AD803F70023D44F /* Release */,
			);
			defaultConfigurationIsVisible = 0;
		};
		B3ADAEE91AD803F70023D44F /* Build configuration list for PBXNativeTarget "testTests" */ = {
			isa = XCConfigurationList;
			buildConfigurations = (
				B3ADAEEA1AD803F70023D44F /* Debug */,
				B3ADAEEB1AD803F70023D44F /* Release */,
			);
			defaultConfigurationIsVisible = 0;
		};
/* End XCConfigurationList section */
	};
	rootObject = B3ADAEBB1AD803F70023D44F /* Project object */;
}
